
Microsoft Visual Studio Solution File, Format Version 12.00
# Visual Studio Version 17
VisualStudioVersion = 17.5.002.0
MinimumVisualStudioVersion = 10.0.40219.1
Project("{9A19103F-16F7-4668-BE54-9A1E7A4F7556}") = "MQTTnet_Receiver", "MQTTnet_Receiver.csproj", "{CDE44B54-4500-42F3-88E9-92491181FC30}"
EndProject
Global
	GlobalSection(SolutionConfigurationPlatforms) = preSolution
		Debug|Any CPU = Debug|Any CPU
		Release|Any CPU = Release|Any CPU
	EndGlobalSection
	GlobalSection(ProjectConfigurationPlatforms) = postSolution
		{CDE44B54-4500-42F3-88E9-92491181FC30}.Debug|Any CPU.ActiveCfg = Debug|Any CPU
		{CDE44B54-4500-42F3-88E9-92491181FC30}.Debug|Any CPU.Build.0 = Debug|Any CPU
		{CDE44B54-4500-42F3-88E9-92491181FC30}.Release|Any CPU.ActiveCfg = Release|Any CPU
		{CDE44B54-4500-42F3-88E9-92491181FC30}.Release|Any CPU.Build.0 = Release|Any CPU
	EndGlobalSection
	GlobalSection(SolutionProperties) = preSolution
		HideSolutionNode = FALSE
	EndGlobalSection
	GlobalSection(ExtensibilityGlobals) = postSolution
		SolutionGuid = {8CF078F1-C684-4F4B-8F82-3EEE47D15896}
	EndGlobalSection
EndGlobal
